
Microsoft Visual Studio Solution File, Format Version 12.00
# Visual Studio Version 17
VisualStudioVersion = 17.1.32414.318
MinimumVisualStudioVersion = 10.0.40219.1
Project("{FAE04EC0-301F-11D3-BF4B-00C04F79EFBC}") = "OnlineShop", "OnlineShop\OnlineShop.csproj", "{34B0F637-D173-411B-A4CB-EA683AFD2C64}"
EndProject
Global
	GlobalSection(SolutionConfigurationPlatforms) = preSolution
		Debug|Any CPU = Debug|Any CPU
		Release|Any CPU = Release|Any CPU
	EndGlobalSection
	GlobalSection(ProjectConfigurationPlatforms) = postSolution
		{34B0F637-D173-411B-A4CB-EA683AFD2C64}.Debug|Any CPU.ActiveCfg = Debug|Any CPU
		{34B0F637-D173-411B-A4CB-EA683AFD2C64}.Debug|Any CPU.Build.0 = Debug|Any CPU
		{34B0F637-D173-411B-A4CB-EA683AFD2C64}.Release|Any CPU.ActiveCfg = Release|Any CPU
		{34B0F637-D173-411B-A4CB-EA683AFD2C64}.Release|Any CPU.Build.0 = Release|Any CPU
	EndGlobalSection
	GlobalSection(SolutionProperties) = preSolution
		HideSolutionNode = FALSE
	EndGlobalSection
	GlobalSection(ExtensibilityGlobals) = postSolution
		SolutionGuid = {35EE31D8-3711-4151-8D83-343C8997DBED}
	EndGlobalSection
EndGlobal
